// !$*UTF8*$!
{
	archiveVersion = 1;
	classes = {
	};
	objectVersion = 46;
	objects = {
/* Begin PBXBuildFile section */
		13B07FBC1A68108700A75B9A /* AppDelegate.m in Sources */ = {isa = PBXBuildFile; fileRef = 13B07FB01A68108700A75B9A /* AppDelegate.m */; };
		13B07FBD1A68108700A75B9A /* LaunchScreen.xib in Resources */ = {isa = PBXBuildFile; fileRef = 13B07FB11A68108700A75B9A /* LaunchScreen.xib */; };
		13B07FBF1A68108700A75B9A /* Images.xcassets in Resources */ = {isa = PBXBuildFile; fileRef = 13B07FB51A68108700A75B9A /* Images.xcassets */; };
		13B07FC11A68108700A75B9A /* main.m in Sources */ = {isa = PBXBuildFile; fileRef = 13B07FB71A68108700A75B9A /* main.m */; };
		D0BFF0B071CA419D9DF3E851 /* libPods-DNA.a in Frameworks */ = {isa = PBXBuildFile; fileRef = F56F66C76DD13EE41AD32CD0 /* libPods-DNA.a */; };
		CD4B6C0F5E71417588131EB2 /* Bayformance.otf in Resources */ = {isa = PBXBuildFile; fileRef = 750D3B731EE046C5B6E5F41C /* Bayformance.otf */; };
		6A70E9A4ADC04121BE65FC7E /* Bayformance.ttf in Resources */ = {isa = PBXBuildFile; fileRef = 7CFD86D670DB4A1FB017CC9B /* Bayformance.ttf */; };
		FCF2B96E78F74A598657AE05 /* Raleway-Bold.ttf in Resources */ = {isa = PBXBuildFile; fileRef = 3097CF6CE2C94F6584F3240A /* Raleway-Bold.ttf */; };
		F74A0DFD9C40445495E53E68 /* Raleway-Medium.ttf in Resources */ = {isa = PBXBuildFile; fileRef = 56CE1FA15715457681CEB2A5 /* Raleway-Medium.ttf */; };
		790D1C9EDD4041B48059474B /* Raleway-Regular.ttf in Resources */ = {isa = PBXBuildFile; fileRef = 1B19129A9F7948A88E507AF8 /* Raleway-Regular.ttf */; };
		B79C4B66D5AA4C9597CD9894 /* AntDesign.ttf in Resources */ = {isa = PBXBuildFile; fileRef = E536F6D2E25A4710B23D9DD8 /* AntDesign.ttf */; };
		248E85A72F304D78B0E58099 /* Entypo.ttf in Resources */ = {isa = PBXBuildFile; fileRef = A96F0D090CBC4D99A85AC4CD /* Entypo.ttf */; };
		BFEA26C0ECCF44729A526857 /* EvilIcons.ttf in Resources */ = {isa = PBXBuildFile; fileRef = 2356DC0BE0024D6DA3853BC8 /* EvilIcons.ttf */; };
		395EDFC462E34F9891F640F0 /* Feather.ttf in Resources */ = {isa = PBXBuildFile; fileRef = A92106689E1641DD9D426ACA /* Feather.ttf */; };
		A0763C2F5D994DB0ADBB269D /* FontAwesome.ttf in Resources */ = {isa = PBXBuildFile; fileRef = 60C4810F287D44F7BDBBF098 /* FontAwesome.ttf */; };
		A11875A5351F430ABEFD2B67 /* FontAwesome5_Brands.ttf in Resources */ = {isa = PBXBuildFile; fileRef = 1706EE43FFEF4183B6BD2063 /* FontAwesome5_Brands.ttf */; };
		94B5700DC4FD41C7AF021FE1 /* FontAwesome5_Regular.ttf in Resources */ = {isa = PBXBuildFile; fileRef = 394773BABAB0411FBFD7D6CB /* FontAwesome5_Regular.ttf */; };
		2585D653DC084EBFA52A6FDF /* FontAwesome5_Solid.ttf in Resources */ = {isa = PBXBuildFile; fileRef = 7318E229AD1547908E2F2A77 /* FontAwesome5_Solid.ttf */; };
		B709C5968C5D4BF6BD7A74E8 /* Foundation.ttf in Resources */ = {isa = PBXBuildFile; fileRef = 99EAEDAFB7E946E585FAF27E /* Foundation.ttf */; };
		0A152F896E444D1C805C77C6 /* Ionicons.ttf in Resources */ = {isa = PBXBuildFile; fileRef = 8B70D9C04BDA4A00AD344840 /* Ionicons.ttf */; };
		7D1C535E48504E9999D40A2C /* MaterialCommunityIcons.ttf in Resources */ = {isa = PBXBuildFile; fileRef = 4B0267F3572441619C5FB7F1 /* MaterialCommunityIcons.ttf */; };
		6CE270DAC64B46A9A5873285 /* MaterialIcons.ttf in Resources */ = {isa = PBXBuildFile; fileRef = 8E00CA3BDDDD4FFDA035D331 /* MaterialIcons.ttf */; };
		51B8B433FAD2435BB9A6E82A /* Octicons.ttf in Resources */ = {isa = PBXBuildFile; fileRef = B2EC01837FAD494A8B99DA60 /* Octicons.ttf */; };
		8347559FA2DC42039718151F /* Roboto_medium.ttf in Resources */ = {isa = PBXBuildFile; fileRef = 699DEDB1BD6542EDA8FCC671 /* Roboto_medium.ttf */; };
		FF2F943A137D4E89AE16E177 /* Roboto.ttf in Resources */ = {isa = PBXBuildFile; fileRef = 574E46DC5D924A96BEA00842 /* Roboto.ttf */; };
		BDBB0E27F32348AFB45B4C70 /* rubicon-icon-font.ttf in Resources */ = {isa = PBXBuildFile; fileRef = 8B03E7ACEF9A4FEB8C7DD503 /* rubicon-icon-font.ttf */; };
		BC0709B8F16C4E0BB5641FD2 /* SimpleLineIcons.ttf in Resources */ = {isa = PBXBuildFile; fileRef = BD8D24FBDD854D3E891CA0F2 /* SimpleLineIcons.ttf */; };
		3C55EE195CBD4D5282757985 /* Zocial.ttf in Resources */ = {isa = PBXBuildFile; fileRef = 9C39F6BEE6734BE6A1CA8C81 /* Zocial.ttf */; };
/* End PBXBuildFile section */

/* Begin PBXFileReference section */
		008F07F21AC5B25A0029DE68 /* main.jsbundle */ = {isa = PBXFileReference; fileEncoding = 4; lastKnownFileType = text; path = main.jsbundle; sourceTree = "<group>"; };
		13B07F961A680F5B00A75B9A /* DNA.app */ = {isa = PBXFileReference; explicitFileType = wrapper.application; includeInIndex = 0; path = DNA.app; sourceTree = BUILT_PRODUCTS_DIR; };
		13B07FAF1A68108700A75B9A /* AppDelegate.h */ = {isa = PBXFileReference; fileEncoding = 4; lastKnownFileType = sourcecode.c.h; name = AppDelegate.h; path = DNA/AppDelegate.h; sourceTree = "<group>"; };
		13B07FB01A68108700A75B9A /* AppDelegate.m */ = {isa = PBXFileReference; fileEncoding = 4; lastKnownFileType = sourcecode.c.objc; name = AppDelegate.m; path = DNA/AppDelegate.m; sourceTree = "<group>"; };
		13B07FB21A68108700A75B9A /* Base */ = {isa = PBXFileReference; lastKnownFileType = file.xib; name = Base; path = Base.lproj/LaunchScreen.xib; sourceTree = "<group>"; };
		13B07FB51A68108700A75B9A /* Images.xcassets */ = {isa = PBXFileReference; lastKnownFileType = folder.assetcatalog; name = Images.xcassets; path = DNA/Images.xcassets; sourceTree = "<group>"; };
		13B07FB61A68108700A75B9A /* Info.plist */ = {isa = PBXFileReference; fileEncoding = 4; lastKnownFileType = text.plist.xml; name = Info.plist; path = DNA/Info.plist; sourceTree = "<group>"; };
		13B07FB71A68108700A75B9A /* main.m */ = {isa = PBXFileReference; fileEncoding = 4; lastKnownFileType = sourcecode.c.objc; name = main.m; path = DNA/main.m; sourceTree = "<group>"; };
		2D16E6891FA4F8E400B85C8A /* libReact.a */ = {isa = PBXFileReference; explicitFileType = archive.ar; path = libReact.a; sourceTree = BUILT_PRODUCTS_DIR; };
		489B183DBEF8597B09E1CC3B /* Pods-DNA.debug.xcconfig */ = {isa = PBXFileReference; includeInIndex = 1; lastKnownFileType = text.xcconfig; name = "Pods-DNA.debug.xcconfig"; path = "Pods/Target Support Files/Pods-DNA/Pods-DNA.debug.xcconfig"; sourceTree = "<group>"; };
		F56F66C76DD13EE41AD32CD0 /* libPods-DNA.a */ = {isa = PBXFileReference; explicitFileType = archive.ar; includeInIndex = 0; path = "libPods-DNA.a"; sourceTree = BUILT_PRODUCTS_DIR; };
		FD235E2EBA9AF71A592AA680 /* Pods-DNA.release.xcconfig */ = {isa = PBXFileReference; includeInIndex = 1; lastKnownFileType = text.xcconfig; name = "Pods-DNA.release.xcconfig"; path = "Pods/Target Support Files/Pods-DNA/Pods-DNA.release.xcconfig"; sourceTree = "<group>"; };
		750D3B731EE046C5B6E5F41C /* Bayformance.otf */ = {isa = PBXFileReference; name = "Bayformance.otf"; path = "../src/assets/fonts/Bayformance.otf"; sourceTree = "<group>"; fileEncoding = undefined; lastKnownFileType = unknown; explicitFileType = undefined; includeInIndex = 0; };
		7CFD86D670DB4A1FB017CC9B /* Bayformance.ttf */ = {isa = PBXFileReference; name = "Bayformance.ttf"; path = "../src/assets/fonts/Bayformance.ttf"; sourceTree = "<group>"; fileEncoding = undefined; lastKnownFileType = unknown; explicitFileType = undefined; includeInIndex = 0; };
		3097CF6CE2C94F6584F3240A /* Raleway-Bold.ttf */ = {isa = PBXFileReference; name = "Raleway-Bold.ttf"; path = "../src/assets/fonts/Raleway-Bold.ttf"; sourceTree = "<group>"; fileEncoding = undefined; lastKnownFileType = unknown; explicitFileType = undefined; includeInIndex = 0; };
		56CE1FA15715457681CEB2A5 /* Raleway-Medium.ttf */ = {isa = PBXFileReference; name = "Raleway-Medium.ttf"; path = "../src/assets/fonts/Raleway-Medium.ttf"; sourceTree = "<group>"; fileEncoding = undefined; lastKnownFileType = unknown; explicitFileType = undefined; includeInIndex = 0; };
		1B19129A9F7948A88E507AF8 /* Raleway-Regular.ttf */ = {isa = PBXFileReference; name = "Raleway-Regular.ttf"; path = "../src/assets/fonts/Raleway-Regular.ttf"; sourceTree = "<group>"; fileEncoding = undefined; lastKnownFileType = unknown; explicitFileType = undefined; includeInIndex = 0; };
		E536F6D2E25A4710B23D9DD8 /* AntDesign.ttf */ = {isa = PBXFileReference; name = "AntDesign.ttf"; path = "../node_modules/native-base/Fonts/AntDesign.ttf"; sourceTree = "<group>"; fileEncoding = undefined; lastKnownFileType = unknown; explicitFileType = undefined; includeInIndex = 0; };
		A96F0D090CBC4D99A85AC4CD /* Entypo.ttf */ = {isa = PBXFileReference; name = "Entypo.ttf"; path = "../node_modules/native-base/Fonts/Entypo.ttf"; sourceTree = "<group>"; fileEncoding = undefined; lastKnownFileType = unknown; explicitFileType = undefined; includeInIndex = 0; };
		2356DC0BE0024D6DA3853BC8 /* EvilIcons.ttf */ = {isa = PBXFileReference; name = "EvilIcons.ttf"; path = "../node_modules/native-base/Fonts/EvilIcons.ttf"; sourceTree = "<group>"; fileEncoding = undefined; lastKnownFileType = unknown; explicitFileType = undefined; includeInIndex = 0; };
		A92106689E1641DD9D426ACA /* Feather.ttf */ = {isa = PBXFileReference; name = "Feather.ttf"; path = "../node_modules/native-base/Fonts/Feather.ttf"; sourceTree = "<group>"; fileEncoding = undefined; lastKnownFileType = unknown; explicitFileType = undefined; includeInIndex = 0; };
		60C4810F287D44F7BDBBF098 /* FontAwesome.ttf */ = {isa = PBXFileReference; name = "FontAwesome.ttf"; path = "../node_modules/native-base/Fonts/FontAwesome.ttf"; sourceTree = "<group>"; fileEncoding = undefined; lastKnownFileType = unknown; explicitFileType = undefined; includeInIndex = 0; };
		1706EE43FFEF4183B6BD2063 /* FontAwesome5_Brands.ttf */ = {isa = PBXFileReference; name = "FontAwesome5_Brands.ttf"; path = "../node_modules/native-base/Fonts/FontAwesome5_Brands.ttf"; sourceTree = "<group>"; fileEncoding = undefined; lastKnownFileType = unknown; explicitFileType = undefined; includeInIndex = 0; };
		394773BABAB0411FBFD7D6CB /* FontAwesome5_Regular.ttf */ = {isa = PBXFileReference; name = "FontAwesome5_Regular.ttf"; path = "../node_modules/native-base/Fonts/FontAwesome5_Regular.ttf"; sourceTree = "<group>"; fileEncoding = undefined; lastKnownFileType = unknown; explicitFileType = undefined; includeInIndex = 0; };
		7318E229AD1547908E2F2A77 /* FontAwesome5_Solid.ttf */ = {isa = PBXFileReference; name = "FontAwesome5_Solid.ttf"; path = "../node_modules/native-base/Fonts/FontAwesome5_Solid.ttf"; sourceTree = "<group>"; fileEncoding = undefined; lastKnownFileType = unknown; explicitFileType = undefined; includeInIndex = 0; };
		99EAEDAFB7E946E585FAF27E /* Foundation.ttf */ = {isa = PBXFileReference; name = "Foundation.ttf"; path = "../node_modules/native-base/Fonts/Foundation.ttf"; sourceTree = "<group>"; fileEncoding = undefined; lastKnownFileType = unknown; explicitFileType = undefined; includeInIndex = 0; };
		8B70D9C04BDA4A00AD344840 /* Ionicons.ttf */ = {isa = PBXFileReference; name = "Ionicons.ttf"; path = "../node_modules/native-base/Fonts/Ionicons.ttf"; sourceTree = "<group>"; fileEncoding = undefined; lastKnownFileType = unknown; explicitFileType = undefined; includeInIndex = 0; };
		4B0267F3572441619C5FB7F1 /* MaterialCommunityIcons.ttf */ = {isa = PBXFileReference; name = "MaterialCommunityIcons.ttf"; path = "../node_modules/native-base/Fonts/MaterialCommunityIcons.ttf"; sourceTree = "<group>"; fileEncoding = undefined; lastKnownFileType = unknown; explicitFileType = undefined; includeInIndex = 0; };
		8E00CA3BDDDD4FFDA035D331 /* MaterialIcons.ttf */ = {isa = PBXFileReference; name = "MaterialIcons.ttf"; path = "../node_modules/native-base/Fonts/MaterialIcons.ttf"; sourceTree = "<group>"; fileEncoding = undefined; lastKnownFileType = unknown; explicitFileType = undefined; includeInIndex = 0; };
		B2EC01837FAD494A8B99DA60 /* Octicons.ttf */ = {isa = PBXFileReference; name = "Octicons.ttf"; path = "../node_modules/native-base/Fonts/Octicons.ttf"; sourceTree = "<group>"; fileEncoding = undefined; lastKnownFileType = unknown; explicitFileType = undefined; includeInIndex = 0; };
		699DEDB1BD6542EDA8FCC671 /* Roboto_medium.ttf */ = {isa = PBXFileReference; name = "Roboto_medium.ttf"; path = "../node_modules/native-base/Fonts/Roboto_medium.ttf"; sourceTree = "<group>"; fileEncoding = undefined; lastKnownFileType = unknown; explicitFileType = undefined; includeInIndex = 0; };
		574E46DC5D924A96BEA00842 /* Roboto.ttf */ = {isa = PBXFileReference; name = "Roboto.ttf"; path = "../node_modules/native-base/Fonts/Roboto.ttf"; sourceTree = "<group>"; fileEncoding = undefined; lastKnownFileType = unknown; explicitFileType = undefined; includeInIndex = 0; };
		8B03E7ACEF9A4FEB8C7DD503 /* rubicon-icon-font.ttf */ = {isa = PBXFileReference; name = "rubicon-icon-font.ttf"; path = "../node_modules/native-base/Fonts/rubicon-icon-font.ttf"; sourceTree = "<group>"; fileEncoding = undefined; lastKnownFileType = unknown; explicitFileType = undefined; includeInIndex = 0; };
		BD8D24FBDD854D3E891CA0F2 /* SimpleLineIcons.ttf */ = {isa = PBXFileReference; name = "SimpleLineIcons.ttf"; path = "../node_modules/native-base/Fonts/SimpleLineIcons.ttf"; sourceTree = "<group>"; fileEncoding = undefined; lastKnownFileType = unknown; explicitFileType = undefined; includeInIndex = 0; };
		9C39F6BEE6734BE6A1CA8C81 /* Zocial.ttf */ = {isa = PBXFileReference; name = "Zocial.ttf"; path = "../node_modules/native-base/Fonts/Zocial.ttf"; sourceTree = "<group>"; fileEncoding = undefined; lastKnownFileType = unknown; explicitFileType = undefined; includeInIndex = 0; };
/* End PBXFileReference section */

/* Begin PBXFrameworksBuildPhase section */
		13B07F8C1A680F5B00A75B9A /* Frameworks */ = {
			isa = PBXFrameworksBuildPhase;
			buildActionMask = 2147483647;
			files = (
				D0BFF0B071CA419D9DF3E851 /* libPods-DNA.a in Frameworks */,
			);
			runOnlyForDeploymentPostprocessing = 0;
		};
/* End PBXFrameworksBuildPhase section */

/* Begin PBXGroup section */
		13B07FAE1A68108700A75B9A /* DNA */ = {
			isa = PBXGroup;
			children = (
				008F07F21AC5B25A0029DE68 /* main.jsbundle */,
				13B07FAF1A68108700A75B9A /* AppDelegate.h */,
				13B07FB01A68108700A75B9A /* AppDelegate.m */,
				13B07FB51A68108700A75B9A /* Images.xcassets */,
				13B07FB61A68108700A75B9A /* Info.plist */,
				13B07FB11A68108700A75B9A /* LaunchScreen.xib */,
				13B07FB71A68108700A75B9A /* main.m */,
			);
			name = DNA;
			sourceTree = "<group>";
		};
		2A4B541C77B55561C5D8958E /* Pods */ = {
			isa = PBXGroup;
			children = (
				489B183DBEF8597B09E1CC3B /* Pods-DNA.debug.xcconfig */,
				FD235E2EBA9AF71A592AA680 /* Pods-DNA.release.xcconfig */,
			);
			name = Pods;
			sourceTree = "<group>";
		};
		2D16E6871FA4F8E400B85C8A /* Frameworks */ = {
			isa = PBXGroup;
			children = (
				2D16E6891FA4F8E400B85C8A /* libReact.a */,
				F56F66C76DD13EE41AD32CD0 /* libPods-DNA.a */,
			);
			name = Frameworks;
			sourceTree = "<group>";
		};
		83CBB9F61A601CBA00E9B192 = {
			isa = PBXGroup;
			children = (
				13B07FAE1A68108700A75B9A /* DNA */,
				83CBBA001A601CBA00E9B192 /* Products */,
				2D16E6871FA4F8E400B85C8A /* Frameworks */,
				2A4B541C77B55561C5D8958E /* Pods */,
				6E4E459BC9814A64B7815107 /* Resources */,
			);
			indentWidth = 2;
			sourceTree = "<group>";
			tabWidth = 2;
			usesTabs = 0;
		};
		83CBBA001A601CBA00E9B192 /* Products */ = {
			isa = PBXGroup;
			children = (
				13B07F961A680F5B00A75B9A /* DNA.app */,
			);
			name = Products;
			sourceTree = "<group>";
		};
		6E4E459BC9814A64B7815107 /* Resources */ = {
			isa = "PBXGroup";
			children = (
				750D3B731EE046C5B6E5F41C /* Bayformance.otf */,
				7CFD86D670DB4A1FB017CC9B /* Bayformance.ttf */,
				3097CF6CE2C94F6584F3240A /* Raleway-Bold.ttf */,
				56CE1FA15715457681CEB2A5 /* Raleway-Medium.ttf */,
				1B19129A9F7948A88E507AF8 /* Raleway-Regular.ttf */,
				E536F6D2E25A4710B23D9DD8 /* AntDesign.ttf */,
				A96F0D090CBC4D99A85AC4CD /* Entypo.ttf */,
				2356DC0BE0024D6DA3853BC8 /* EvilIcons.ttf */,
				A92106689E1641DD9D426ACA /* Feather.ttf */,
				60C4810F287D44F7BDBBF098 /* FontAwesome.ttf */,
				1706EE43FFEF4183B6BD2063 /* FontAwesome5_Brands.ttf */,
				394773BABAB0411FBFD7D6CB /* FontAwesome5_Regular.ttf */,
				7318E229AD1547908E2F2A77 /* FontAwesome5_Solid.ttf */,
				99EAEDAFB7E946E585FAF27E /* Foundation.ttf */,
				8B70D9C04BDA4A00AD344840 /* Ionicons.ttf */,
				4B0267F3572441619C5FB7F1 /* MaterialCommunityIcons.ttf */,
				8E00CA3BDDDD4FFDA035D331 /* MaterialIcons.ttf */,
				B2EC01837FAD494A8B99DA60 /* Octicons.ttf */,
				699DEDB1BD6542EDA8FCC671 /* Roboto_medium.ttf */,
				574E46DC5D924A96BEA00842 /* Roboto.ttf */,
				8B03E7ACEF9A4FEB8C7DD503 /* rubicon-icon-font.ttf */,
				BD8D24FBDD854D3E891CA0F2 /* SimpleLineIcons.ttf */,
				9C39F6BEE6734BE6A1CA8C81 /* Zocial.ttf */,
			);
			name = Resources;
			sourceTree = "<group>";
			path = "";
		};
/* End PBXGroup section */

/* Begin PBXNativeTarget section */
		13B07F861A680F5B00A75B9A /* DNA */ = {
			isa = PBXNativeTarget;
			buildConfigurationList = 13B07F931A680F5B00A75B9A /* Build configuration list for PBXNativeTarget "DNA" */;
			buildPhases = (
				6007217242A0A0A1CE86BD9D /* [CP] Check Pods Manifest.lock */,
				13B07F871A680F5B00A75B9A /* Sources */,
				13B07F8C1A680F5B00A75B9A /* Frameworks */,
				13B07F8E1A680F5B00A75B9A /* Resources */,
				00DD1BFF1BD5951E006B06BC /* Bundle React Native code and images */,
				B88AE5E5D5F7389C801473B9 /* [CP] Copy Pods Resources */,
			);
			buildRules = (
			);
			dependencies = (
			);
			name = DNA;
			productName = "Hello World";
			productReference = 13B07F961A680F5B00A75B9A /* DNA.app */;
			productType = "com.apple.product-type.application";
		};
/* End PBXNativeTarget section */

/* Begin PBXProject section */
		83CBB9F71A601CBA00E9B192 /* Project object */ = {
			isa = PBXProject;
			attributes = {
				LastUpgradeCheck = 610;
				ORGANIZATIONNAME = Facebook;
				TargetAttributes = {
					13B07F861A680F5B00A75B9A = {
						DevelopmentTeam = HMRFM43BKY;
					};
				};
			};
			buildConfigurationList = 83CBB9FA1A601CBA00E9B192 /* Build configuration list for PBXProject "DNA" */;
			compatibilityVersion = "Xcode 3.2";
			developmentRegion = English;
			hasScannedForEncodings = 0;
			knownRegions = (
				en,
				Base,
			);
			mainGroup = 83CBB9F61A601CBA00E9B192;
			productRefGroup = 83CBBA001A601CBA00E9B192 /* Products */;
			projectDirPath = "";
			projectRoot = "";
			targets = (
				13B07F861A680F5B00A75B9A /* DNA */,
			);
		};
/* End PBXProject section */

/* Begin PBXResourcesBuildPhase section */
		13B07F8E1A680F5B00A75B9A /* Resources */ = {
			isa = PBXResourcesBuildPhase;
			buildActionMask = 2147483647;
			files = (
				13B07FBF1A68108700A75B9A /* Images.xcassets in Resources */,
				13B07FBD1A68108700A75B9A /* LaunchScreen.xib in Resources */,
				CD4B6C0F5E71417588131EB2 /* Bayformance.otf in Resources */,
				6A70E9A4ADC04121BE65FC7E /* Bayformance.ttf in Resources */,
				FCF2B96E78F74A598657AE05 /* Raleway-Bold.ttf in Resources */,
				F74A0DFD9C40445495E53E68 /* Raleway-Medium.ttf in Resources */,
				790D1C9EDD4041B48059474B /* Raleway-Regular.ttf in Resources */,
				B79C4B66D5AA4C9597CD9894 /* AntDesign.ttf in Resources */,
				248E85A72F304D78B0E58099 /* Entypo.ttf in Resources */,
				BFEA26C0ECCF44729A526857 /* EvilIcons.ttf in Resources */,
				395EDFC462E34F9891F640F0 /* Feather.ttf in Resources */,
				A0763C2F5D994DB0ADBB269D /* FontAwesome.ttf in Resources */,
				A11875A5351F430ABEFD2B67 /* FontAwesome5_Brands.ttf in Resources */,
				94B5700DC4FD41C7AF021FE1 /* FontAwesome5_Regular.ttf in Resources */,
				2585D653DC084EBFA52A6FDF /* FontAwesome5_Solid.ttf in Resources */,
				B709C5968C5D4BF6BD7A74E8 /* Foundation.ttf in Resources */,
				0A152F896E444D1C805C77C6 /* Ionicons.ttf in Resources */,
				7D1C535E48504E9999D40A2C /* MaterialCommunityIcons.ttf in Resources */,
				6CE270DAC64B46A9A5873285 /* MaterialIcons.ttf in Resources */,
				51B8B433FAD2435BB9A6E82A /* Octicons.ttf in Resources */,
				8347559FA2DC42039718151F /* Roboto_medium.ttf in Resources */,
				FF2F943A137D4E89AE16E177 /* Roboto.ttf in Resources */,
				BDBB0E27F32348AFB45B4C70 /* rubicon-icon-font.ttf in Resources */,
				BC0709B8F16C4E0BB5641FD2 /* SimpleLineIcons.ttf in Resources */,
				3C55EE195CBD4D5282757985 /* Zocial.ttf in Resources */,
			);
			runOnlyForDeploymentPostprocessing = 0;
		};
/* End PBXResourcesBuildPhase section */

/* Begin PBXShellScriptBuildPhase section */
		00DD1BFF1BD5951E006B06BC /* Bundle React Native code and images */ = {
			isa = PBXShellScriptBuildPhase;
			buildActionMask = 2147483647;
			files = (
			);
			inputPaths = (
			);
			name = "Bundle React Native code and images";
			outputPaths = (
			);
			runOnlyForDeploymentPostprocessing = 0;
			shellPath = /bin/sh;
			shellScript = "export NODE_BINARY=node\n../node_modules/react-native/scripts/react-native-xcode.sh";
		};
		6007217242A0A0A1CE86BD9D /* [CP] Check Pods Manifest.lock */ = {
			isa = PBXShellScriptBuildPhase;
			buildActionMask = 2147483647;
			files = (
			);
			inputFileListPaths = (
			);
			inputPaths = (
				"${PODS_PODFILE_DIR_PATH}/Podfile.lock",
				"${PODS_ROOT}/Manifest.lock",
			);
			name = "[CP] Check Pods Manifest.lock";
			outputFileListPaths = (
			);
			outputPaths = (
				"$(DERIVED_FILE_DIR)/Pods-DNA-checkManifestLockResult.txt",
			);
			runOnlyForDeploymentPostprocessing = 0;
			shellPath = /bin/sh;
			shellScript = "diff \"${PODS_PODFILE_DIR_PATH}/Podfile.lock\" \"${PODS_ROOT}/Manifest.lock\" > /dev/null\nif [ $? != 0 ] ; then\n    # print error to STDERR\n    echo \"error: The sandbox is not in sync with the Podfile.lock. Run 'pod install' or update your CocoaPods installation.\" >&2\n    exit 1\nfi\n# This output is used by Xcode 'outputs' to avoid re-running this script phase.\necho \"SUCCESS\" > \"${SCRIPT_OUTPUT_FILE_0}\"\n";
			showEnvVarsInLog = 0;
		};
		B88AE5E5D5F7389C801473B9 /* [CP] Copy Pods Resources */ = {
			isa = PBXShellScriptBuildPhase;
			buildActionMask = 2147483647;
			files = (
			);
			inputFileListPaths = (
			);
			inputPaths = (
				"${SRCROOT}/Pods/Target Support Files/Pods-DNA/Pods-DNA-resources.sh",
				"${PODS_CONFIGURATION_BUILD_DIR}/QBImagePickerController/QBImagePicker.bundle",
				"${PODS_ROOT}/RSKImageCropper/RSKImageCropper/RSKImageCropperStrings.bundle",
			);
			name = "[CP] Copy Pods Resources";
			outputFileListPaths = (
			);
			outputPaths = (
				"${TARGET_BUILD_DIR}/${UNLOCALIZED_RESOURCES_FOLDER_PATH}/QBImagePicker.bundle",
				"${TARGET_BUILD_DIR}/${UNLOCALIZED_RESOURCES_FOLDER_PATH}/RSKImageCropperStrings.bundle",
			);
			runOnlyForDeploymentPostprocessing = 0;
			shellPath = /bin/sh;
			shellScript = "\"${SRCROOT}/Pods/Target Support Files/Pods-DNA/Pods-DNA-resources.sh\"\n";
			showEnvVarsInLog = 0;
		};
/* End PBXShellScriptBuildPhase section */

/* Begin PBXSourcesBuildPhase section */
		13B07F871A680F5B00A75B9A /* Sources */ = {
			isa = PBXSourcesBuildPhase;
			buildActionMask = 2147483647;
			files = (
				13B07FBC1A68108700A75B9A /* AppDelegate.m in Sources */,
				13B07FC11A68108700A75B9A /* main.m in Sources */,
			);
			runOnlyForDeploymentPostprocessing = 0;
		};
/* End PBXSourcesBuildPhase section */

/* Begin PBXVariantGroup section */
		13B07FB11A68108700A75B9A /* LaunchScreen.xib */ = {
			isa = PBXVariantGroup;
			children = (
				13B07FB21A68108700A75B9A /* Base */,
			);
			name = LaunchScreen.xib;
			path = DNA;
			sourceTree = "<group>";
		};
/* End PBXVariantGroup section */

/* Begin XCBuildConfiguration section */
		13B07F941A680F5B00A75B9A /* Debug */ = {
			isa = XCBuildConfiguration;
			baseConfigurationReference = 489B183DBEF8597B09E1CC3B /* Pods-DNA.debug.xcconfig */;
			buildSettings = {
				ASSETCATALOG_COMPILER_APPICON_NAME = AppIcon;
				CURRENT_PROJECT_VERSION = 1;
				DEAD_CODE_STRIPPING = NO;
				DEVELOPMENT_TEAM = HMRFM43BKY;
				INFOPLIST_FILE = DNA/Info.plist;
				LD_RUNPATH_SEARCH_PATHS = "$(inherited) @executable_path/Frameworks";
				OTHER_LDFLAGS = (
					"$(inherited)",
					"-ObjC",
					"-lc++",
				);
				PRODUCT_NAME = DNA;
				VERSIONING_SYSTEM = "apple-generic";
			};
			name = Debug;
		};
		13B07F951A680F5B00A75B9A /* Release */ = {
			isa = XCBuildConfiguration;
			baseConfigurationReference = FD235E2EBA9AF71A592AA680 /* Pods-DNA.release.xcconfig */;
			buildSettings = {
				ASSETCATALOG_COMPILER_APPICON_NAME = AppIcon;
				CURRENT_PROJECT_VERSION = 1;
				DEVELOPMENT_TEAM = HMRFM43BKY;
				INFOPLIST_FILE = DNA/Info.plist;
				LD_RUNPATH_SEARCH_PATHS = "$(inherited) @executable_path/Frameworks";
				OTHER_LDFLAGS = (
					"$(inherited)",
					"-ObjC",
					"-lc++",
				);
				PRODUCT_NAME = DNA;
				VERSIONING_SYSTEM = "apple-generic";
			};
			name = Release;
		};
		83CBBA201A601CBA00E9B192 /* Debug */ = {
			isa = XCBuildConfiguration;
			buildSettings = {
				ALWAYS_SEARCH_USER_PATHS = NO;
				CLANG_CXX_LANGUAGE_STANDARD = "gnu++0x";
				CLANG_CXX_LIBRARY = "libc++";
				CLANG_ENABLE_MODULES = YES;
				CLANG_ENABLE_OBJC_ARC = YES;
				CLANG_WARN_BOOL_CONVERSION = YES;
				CLANG_WARN_CONSTANT_CONVERSION = YES;
				CLANG_WARN_DIRECT_OBJC_ISA_USAGE = YES_ERROR;
				CLANG_WARN_EMPTY_BODY = YES;
				CLANG_WARN_ENUM_CONVERSION = YES;
				CLANG_WARN_INT_CONVERSION = YES;
				CLANG_WARN_OBJC_ROOT_CLASS = YES_ERROR;
				CLANG_WARN_UNREACHABLE_CODE = YES;
				CLANG_WARN__DUPLICATE_METHOD_MATCH = YES;
				"CODE_SIGN_IDENTITY[sdk=iphoneos*]" = "iPhone Developer";
				COPY_PHASE_STRIP = NO;
				ENABLE_STRICT_OBJC_MSGSEND = YES;
				GCC_C_LANGUAGE_STANDARD = gnu99;
				GCC_DYNAMIC_NO_PIC = NO;
				GCC_OPTIMIZATION_LEVEL = 0;
				GCC_PREPROCESSOR_DEFINITIONS = (
					"DEBUG=1",
					"$(inherited)",
				);
				GCC_SYMBOLS_PRIVATE_EXTERN = NO;
				GCC_WARN_64_TO_32_BIT_CONVERSION = YES;
				GCC_WARN_ABOUT_RETURN_TYPE = YES_ERROR;
				GCC_WARN_UNDECLARED_SELECTOR = YES;
				GCC_WARN_UNINITIALIZED_AUTOS = YES_AGGRESSIVE;
				GCC_WARN_UNUSED_FUNCTION = YES;
				GCC_WARN_UNUSED_VARIABLE = YES;
				IPHONEOS_DEPLOYMENT_TARGET = 9.0;
				MTL_ENABLE_DEBUG_INFO = YES;
				ONLY_ACTIVE_ARCH = YES;
				SDKROOT = iphoneos;
			};
			name = Debug;
		};
		83CBBA211A601CBA00E9B192 /* Release */ = {
			isa = XCBuildConfiguration;
			buildSettings = {
				ALWAYS_SEARCH_USER_PATHS = NO;
				CLANG_CXX_LANGUAGE_STANDARD = "gnu++0x";
				CLANG_CXX_LIBRARY = "libc++";
				CLANG_ENABLE_MODULES = YES;
				CLANG_ENABLE_OBJC_ARC = YES;
				CLANG_WARN_BOOL_CONVERSION = YES;
				CLANG_WARN_CONSTANT_CONVERSION = YES;
				CLANG_WARN_DIRECT_OBJC_ISA_USAGE = YES_ERROR;
				CLANG_WARN_EMPTY_BODY = YES;
				CLANG_WARN_ENUM_CONVERSION = YES;
				CLANG_WARN_INT_CONVERSION = YES;
				CLANG_WARN_OBJC_ROOT_CLASS = YES_ERROR;
				CLANG_WARN_UNREACHABLE_CODE = YES;
				CLANG_WARN__DUPLICATE_METHOD_MATCH = YES;
				"CODE_SIGN_IDENTITY[sdk=iphoneos*]" = "iPhone Developer";
				COPY_PHASE_STRIP = YES;
				ENABLE_NS_ASSERTIONS = NO;
				ENABLE_STRICT_OBJC_MSGSEND = YES;
				GCC_C_LANGUAGE_STANDARD = gnu99;
				GCC_WARN_64_TO_32_BIT_CONVERSION = YES;
				GCC_WARN_ABOUT_RETURN_TYPE = YES_ERROR;
				GCC_WARN_UNDECLARED_SELECTOR = YES;
				GCC_WARN_UNINITIALIZED_AUTOS = YES_AGGRESSIVE;
				GCC_WARN_UNUSED_FUNCTION = YES;
				GCC_WARN_UNUSED_VARIABLE = YES;
				IPHONEOS_DEPLOYMENT_TARGET = 9.0;
				MTL_ENABLE_DEBUG_INFO = NO;
				SDKROOT = iphoneos;
				VALIDATE_PRODUCT = YES;
			};
			name = Release;
		};
/* End XCBuildConfiguration section */

/* Begin XCConfigurationList section */
		13B07F931A680F5B00A75B9A /* Build configuration list for PBXNativeTarget "DNA" */ = {
			isa = XCConfigurationList;
			buildConfigurations = (
				13B07F941A680F5B00A75B9A /* Debug */,
				13B07F951A680F5B00A75B9A /* Release */,
			);
			defaultConfigurationIsVisible = 0;
			defaultConfigurationName = Release;
		};
		83CBB9FA1A601CBA00E9B192 /* Build configuration list for PBXProject "DNA" */ = {
			isa = XCConfigurationList;
			buildConfigurations = (
				83CBBA201A601CBA00E9B192 /* Debug */,
				83CBBA211A601CBA00E9B192 /* Release */,
			);
			defaultConfigurationIsVisible = 0;
			defaultConfigurationName = Release;
		};
/* End XCConfigurationList section */
	};
	rootObject = 83CBB9F71A601CBA00E9B192 /* Project object */;
}
